<?xml version="1.0" encoding="utf-8"?>
<Project ToolsVersion="4.0" xmlns="http://schemas.microsoft.com/developer/msbuild/2003">
  <ItemGroup>
    <Filter Include="SourceFiles">
      <UniqueIdentifier>{75dda6e8-9b30-495b-849a-baa342051c7c}</UniqueIdentifier>
      <Extensions>c;cpp;lib</Extensions>
    </Filter>
    <Filter Include="SourceFiles\Shared">
      <UniqueIdentifier>{09342535-123b-40e5-af8e-c41a26440b79}</UniqueIdentifier>
    </Filter>
    <Filter Include="Dialogs">
      <UniqueIdentifier>{6af9a977-8c44-4a37-88a2-b30d27f7e597}</UniqueIdentifier>
    </Filter>
    <Filter Include="Dialogs\Setup Tabs">
      <UniqueIdentifier>{c4a81ca5-ab8e-4d75-bfdf-96f0d0d03029}</UniqueIdentifier>
    </Filter>
    <Filter Include="Dialogs\Shared">
      <UniqueIdentifier>{59161dfb-4ba0-4b7c-9e0e-d9860547c446}</UniqueIdentifier>
    </Filter>
    <Filter Include="Classes and Modules">
      <UniqueIdentifier>{e57f7adb-6e25-4205-afe8-c9d8a461ab8f}</UniqueIdentifier>
    </Filter>
    <Filter Include="Classes and Modules\CSocketServer">
      <UniqueIdentifier>{5fbc408f-918c-4eab-acd8-42643e3f1584}</UniqueIdentifier>
    </Filter>
    <Filter Include="Classes and Modules\CSQLBinding">
      <UniqueIdentifier>{b4aa0c90-8846-4df5-8b67-07f9672e13ac}</UniqueIdentifier>
    </Filter>
    <Filter Include="Classes and Modules\CGetPKs">
      <UniqueIdentifier>{da1febbd-9240-4d9d-a0c5-962f418ca1fc}</UniqueIdentifier>
    </Filter>
    <Filter Include="Classes and Modules\CStatusDlg">
      <UniqueIdentifier>{0671c0bc-015c-47a8-a0d6-fee51b198edd}</UniqueIdentifier>
    </Filter>
    <Filter Include="Classes and Modules\CCmdLine">
      <UniqueIdentifier>{a8c63054-746f-4f07-8a32-9d8548a2be87}</UniqueIdentifier>
    </Filter>
    <Filter Include="Classes and Modules\CMemPool">
      <UniqueIdentifier>{196b978b-5300-4ea8-bbcc-763e1b42a00f}</UniqueIdentifier>
    </Filter>
    <Filter Include="Classes and Modules\NASCCL">
      <UniqueIdentifier>{0aa3cb3b-4411-4ea3-9727-ab0326205e5d}</UniqueIdentifier>
    </Filter>
    <Filter Include="Classes and Modules\CGraph">
      <UniqueIdentifier>{5d392bec-4416-45d6-8bb7-1e010072f703}</UniqueIdentifier>
    </Filter>
    <Filter Include="Classes and Modules\NSWFL">
      <UniqueIdentifier>{5a9b376e-eee5-4e90-8c6c-e90b0714a578}</UniqueIdentifier>
    </Filter>
    <Filter Include="Classes and Modules\CStringBuilder">
      <UniqueIdentifier>{30dafc5a-6b57-4380-8908-83a4bd7bab13}</UniqueIdentifier>
    </Filter>
    <Filter Include="Classes and Modules\EventLog">
      <UniqueIdentifier>{1a3f1d8f-5ee5-43e1-8839-fe6bf9054e27}</UniqueIdentifier>
    </Filter>
    <Filter Include="Classes and Modules\EventLog\EventMsg">
      <UniqueIdentifier>{12ebff76-08f8-4347-8b26-67aee2e18e22}</UniqueIdentifier>
    </Filter>
    <Filter Include="Classes and Modules\Compression">
      <UniqueIdentifier>{96c3c618-392c-4941-87c9-fd2c7fd5b515}</UniqueIdentifier>
    </Filter>
    <Filter Include="Classes and Modules\Compression\zLib">
      <UniqueIdentifier>{691fd554-d8f6-4798-a0dd-789397556506}</UniqueIdentifier>
    </Filter>
    <Filter Include="Classes and Modules\Compression\RLE">
      <UniqueIdentifier>{da101d66-31b9-4bb1-8401-b3ebd0463c00}</UniqueIdentifier>
    </Filter>
    <Filter Include="Classes and Modules\Compression\LZSS">
      <UniqueIdentifier>{32042f15-2a7c-4c8c-a14d-a5192ccf60d6}</UniqueIdentifier>
    </Filter>
    <Filter Include="Classes and Modules\Compression\LZARI">
      <UniqueIdentifier>{235f978a-4b4b-4adf-a264-db96ef470434}</UniqueIdentifier>
    </Filter>
    <Filter Include="Classes and Modules\CSHA1">
      <UniqueIdentifier>{618fca58-7965-44ac-a198-7e4b3f9a5e07}</UniqueIdentifier>
    </Filter>
    <Filter Include="Classes and Modules\CXML">
      <UniqueIdentifier>{52768b66-6cf5-4ab7-b76a-493b42cc4a78}</UniqueIdentifier>
    </Filter>
    <Filter Include="Classes and Modules\CIntegerStack">
      <UniqueIdentifier>{da73e729-52bb-4f3b-929a-bc5996a81ece}</UniqueIdentifier>
    </Filter>
    <Filter Include="Classes and Modules\CQueu">
      <UniqueIdentifier>{75961f6d-3ea8-4e12-82b9-787686b51738}</UniqueIdentifier>
    </Filter>
    <Filter Include="Classes and Modules\CService">
      <UniqueIdentifier>{bc6a64ac-74b7-4f07-8e2c-1f5d2c70c12d}</UniqueIdentifier>
    </Filter>
    <Filter Include="Resources">
      <UniqueIdentifier>{978bec6f-e537-4afe-91d7-8fd03ba0d614}</UniqueIdentifier>
      <Extensions>res;rc;ico;bmp</Extensions>
    </Filter>
    <Filter Include="Classes and Modules\CCRC32">
      <UniqueIdentifier>{d95c4fe6-af50-451d-846e-94892372afd8}</UniqueIdentifier>
    </Filter>
  </ItemGroup>
  <ItemGroup>
    <ClCompile Include="Source\ClientThread.Cpp">
      <Filter>SourceFiles</Filter>
    </ClCompile>
    <ClCompile Include="Source\Command.Cpp">
      <Filter>SourceFiles</Filter>
    </ClCompile>
    <ClCompile Include="Source\Console.Cpp">
      <Filter>SourceFiles</Filter>
    </ClCompile>
    <ClCompile Include="Source\ConsoleProcs.Cpp">
      <Filter>SourceFiles</Filter>
    </ClCompile>
    <ClCompile Include="Source\Entry.Cpp">
      <Filter>SourceFiles</Filter>
    </ClCompile>
    <ClCompile Include="Source\HandShake.Cpp">
      <Filter>SourceFiles</Filter>
    </ClCompile>
    <ClCompile Include="Source\Init.Cpp">
      <Filter>SourceFiles</Filter>
    </ClCompile>
    <ClCompile Include="Source\NewDB.Cpp">
      <Filter>SourceFiles</Filter>
    </ClCompile>
    <ClCompile Include="Source\Routines.Cpp">
      <Filter>SourceFiles</Filter>
    </ClCompile>
    <ClCompile Include="Source\SQLImport.Cpp">
      <Filter>SourceFiles</Filter>
    </ClCompile>
    <ClCompile Include="..\SharedSource\Common.Cpp">
      <Filter>SourceFiles\Shared</Filter>
    </ClCompile>
    <ClCompile Include="..\SharedSource\CustomProcs.cpp">
      <Filter>SourceFiles\Shared</Filter>
    </ClCompile>
    <ClCompile Include="..\SharedSource\FileExchange.Cpp">
      <Filter>SourceFiles\Shared</Filter>
    </ClCompile>
    <ClCompile Include="..\SharedSource\HashKey.Cpp">
      <Filter>SourceFiles\Shared</Filter>
    </ClCompile>
    <ClCompile Include="..\SharedSource\NTFibers.Cpp">
      <Filter>SourceFiles\Shared</Filter>
    </ClCompile>
    <ClCompile Include="Dialogs\AlertDlg.Cpp">
      <Filter>Dialogs</Filter>
    </ClCompile>
    <ClCompile Include="Dialogs\CreateNewDB.Cpp">
      <Filter>Dialogs</Filter>
    </ClCompile>
    <ClCompile Include="Dialogs\MainDlg.Cpp">
      <Filter>Dialogs</Filter>
    </ClCompile>
    <ClCompile Include="Dialogs\SysStats.Cpp">
      <Filter>Dialogs</Filter>
    </ClCompile>
    <ClCompile Include="Dialogs\TabAdvanced.Cpp">
      <Filter>Dialogs\Setup Tabs</Filter>
    </ClCompile>
    <ClCompile Include="Dialogs\TabClientDBS.cpp">
      <Filter>Dialogs\Setup Tabs</Filter>
    </ClCompile>
    <ClCompile Include="Dialogs\TabGeneral.cpp">
      <Filter>Dialogs\Setup Tabs</Filter>
    </ClCompile>
    <ClCompile Include="Dialogs\TabProcessors.Cpp">
      <Filter>Dialogs\Setup Tabs</Filter>
    </ClCompile>
    <ClCompile Include="Dialogs\TabSecurity.cpp">
      <Filter>Dialogs\Setup Tabs</Filter>
    </ClCompile>
    <ClCompile Include="Dialogs\TabServer.cpp">
      <Filter>Dialogs\Setup Tabs</Filter>
    </ClCompile>
    <ClCompile Include="Dialogs\TabWPIndex.cpp">
      <Filter>Dialogs\Setup Tabs</Filter>
    </ClCompile>
    <ClCompile Include="..\SharedSource\AskPwd.Cpp">
      <Filter>Dialogs\Shared</Filter>
    </ClCompile>
    <ClCompile Include="..\SharedSource\NetLogoDlg.Cpp">
      <Filter>Dialogs\Shared</Filter>
    </ClCompile>
    <ClCompile Include="..\SharedSource\SetNewGUIPwd.Cpp">
      <Filter>Dialogs\Shared</Filter>
    </ClCompile>
    <ClCompile Include="..\SharedSource\SplashDlg.Cpp">
      <Filter>Dialogs\Shared</Filter>
    </ClCompile>
    <ClCompile Include="..\..\%40Libraries\CSocketServer\CSocketServer.Cpp">
      <Filter>Classes and Modules\CSocketServer</Filter>
    </ClCompile>
    <ClCompile Include="..\..\%40Libraries\CSocketServer\CSocketServer_Accept.Cpp">
      <Filter>Classes and Modules\CSocketServer</Filter>
    </ClCompile>
    <ClCompile Include="..\..\%40Libraries\CSocketServer\CSocketServer_ClassProperties.Cpp">
      <Filter>Classes and Modules\CSocketServer</Filter>
    </ClCompile>
    <ClCompile Include="..\..\%40Libraries\CSocketServer\CSocketServer_ClientProperties.Cpp">
      <Filter>Classes and Modules\CSocketServer</Filter>
    </ClCompile>
    <ClCompile Include="..\..\%40Libraries\CSocketServer\CSocketServer_ClientThread.Cpp">
      <Filter>Classes and Modules\CSocketServer</Filter>
    </ClCompile>
    <ClCompile Include="..\..\%40Libraries\CSocketServer\CSocketServer_Command.Cpp">
      <Filter>Classes and Modules\CSocketServer</Filter>
    </ClCompile>
    <ClCompile Include="..\..\%40Libraries\CSocketServer\CSocketServer_Connect.Cpp">
      <Filter>Classes and Modules\CSocketServer</Filter>
    </ClCompile>
    <ClCompile Include="..\..\%40Libraries\CSocketServer\CSocketServer_Events.Cpp">
      <Filter>Classes and Modules\CSocketServer</Filter>
    </ClCompile>
    <ClCompile Include="..\..\%40Libraries\CSocketServer\CSocketServer_Initialize.Cpp">
      <Filter>Classes and Modules\CSocketServer</Filter>
    </ClCompile>
    <ClCompile Include="..\..\%40Libraries\CSocketServer\CSocketServer_Internal.Cpp">
      <Filter>Classes and Modules\CSocketServer</Filter>
    </ClCompile>
    <ClCompile Include="..\..\%40Libraries\CSocketServer\CSocketServer_Locks.Cpp">
      <Filter>Classes and Modules\CSocketServer</Filter>
    </ClCompile>
    <ClCompile Include="..\..\%40Libraries\CSocketServer\CSocketServer_Memory.Cpp">
      <Filter>Classes and Modules\CSocketServer</Filter>
    </ClCompile>
    <ClCompile Include="..\..\%40Libraries\CSocketServer\CSocketServer_Packetize.Cpp">
      <Filter>Classes and Modules\CSocketServer</Filter>
    </ClCompile>
    <ClCompile Include="..\..\%40Libraries\CSocketServer\CSocketServer_PumpThread.Cpp">
      <Filter>Classes and Modules\CSocketServer</Filter>
    </ClCompile>
    <ClCompile Include="..\..\%40Libraries\CSocketServer\CSocketServer_Receive.Cpp">
      <Filter>Classes and Modules\CSocketServer</Filter>
    </ClCompile>
    <ClCompile Include="..\..\%40Libraries\CSocketServer\CSocketServer_Send.Cpp">
      <Filter>Classes and Modules\CSocketServer</Filter>
    </ClCompile>
    <ClCompile Include="..\..\%40Libraries\CSocketServer\CSocketServer_StartStop.Cpp">
      <Filter>Classes and Modules\CSocketServer</Filter>
    </ClCompile>
    <ClCompile Include="..\..\%40Libraries\CSocketServer\CSocketServer_Utilities.Cpp">
      <Filter>Classes and Modules\CSocketServer</Filter>
    </ClCompile>
    <ClCompile Include="..\..\%40Libraries\CSocketServer\CSocketServer_WSAInterface.Cpp">
      <Filter>Classes and Modules\CSocketServer</Filter>
    </ClCompile>
    <ClCompile Include="..\..\%40Libraries\CSQLBinding\cBoundRecordSet.cpp">
      <Filter>Classes and Modules\CSQLBinding</Filter>
    </ClCompile>
    <ClCompile Include="..\..\%40Libraries\CSQLBinding\CRecordSet.cpp">
      <Filter>Classes and Modules\CSQLBinding</Filter>
    </ClCompile>
    <ClCompile Include="..\..\%40Libraries\CSQLBinding\cSQL.cpp">
      <Filter>Classes and Modules\CSQLBinding</Filter>
    </ClCompile>
    <ClCompile Include="..\..\%40Libraries\CSQLBinding\CSQLEncapsulation.cpp">
      <Filter>Classes and Modules\CSQLBinding</Filter>
    </ClCompile>
    <ClCompile Include="..\..\%40Libraries\CSQLBinding\CSQLValue.cpp">
      <Filter>Classes and Modules\CSQLBinding</Filter>
    </ClCompile>
    <ClCompile Include="..\SharedClasses\CStatusDlg\CStatusDlg.Cpp">
      <Filter>Classes and Modules\CStatusDlg</Filter>
    </ClCompile>
    <ClCompile Include="..\..\%40Libraries\CCmdLine\CCmdLine.Cpp">
      <Filter>Classes and Modules\CCmdLine</Filter>
    </ClCompile>
    <ClCompile Include="..\..\%40Libraries\CMemPool\CMemPool.Cpp">
      <Filter>Classes and Modules\CMemPool</Filter>
    </ClCompile>
    <ClCompile Include="..\..\%40Libraries\CNASCCL (Stream)\CNASCCL.Cpp">
      <Filter>Classes and Modules\NASCCL</Filter>
    </ClCompile>
    <ClCompile Include="..\..\%40Libraries\CNASCCL (Stream)\CNASCCLBox.Cpp">
      <Filter>Classes and Modules\NASCCL</Filter>
    </ClCompile>
    <ClCompile Include="..\..\%40Libraries\CNASCCL (Stream)\CNASCCLKey.Cpp">
      <Filter>Classes and Modules\NASCCL</Filter>
    </ClCompile>
    <ClCompile Include="..\..\%40Libraries\CGraph\CGraph.Cpp">
      <Filter>Classes and Modules\CGraph</Filter>
    </ClCompile>
    <ClCompile Include="..\..\%40Libraries\NSWFL\NSWFL_Conversion.Cpp">
      <Filter>Classes and Modules\NSWFL</Filter>
    </ClCompile>
    <ClCompile Include="..\..\%40Libraries\NSWFL\NSWFL_DateTime.Cpp">
      <Filter>Classes and Modules\NSWFL</Filter>
    </ClCompile>
    <ClCompile Include="..\..\%40Libraries\NSWFL\NSWFL_File.Cpp">
      <Filter>Classes and Modules\NSWFL</Filter>
    </ClCompile>
    <ClCompile Include="..\..\%40Libraries\NSWFL\NSWFL_KeyGeneration.Cpp">
      <Filter>Classes and Modules\NSWFL</Filter>
    </ClCompile>
    <ClCompile Include="..\..\%40Libraries\NSWFL\NSWFL_ListBox.Cpp">
      <Filter>Classes and Modules\NSWFL</Filter>
    </ClCompile>
    <ClCompile Include="..\..\%40Libraries\NSWFL\NSWFL_ListView.Cpp">
      <Filter>Classes and Modules\NSWFL</Filter>
    </ClCompile>
    <ClCompile Include="..\..\%40Libraries\NSWFL\NSWFL_Math.Cpp">
      <Filter>Classes and Modules\NSWFL</Filter>
    </ClCompile>
    <ClCompile Include="..\..\%40Libraries\NSWFL\NSWFL_Memory.Cpp">
      <Filter>Classes and Modules\NSWFL</Filter>
    </ClCompile>
    <ClCompile Include="..\..\%40Libraries\NSWFL\NSWFL_Menu.Cpp">
      <Filter>Classes and Modules\NSWFL</Filter>
    </ClCompile>
    <ClCompile Include="..\..\%40Libraries\NSWFL\NSWFL_Registry.Cpp">
      <Filter>Classes and Modules\NSWFL</Filter>
    </ClCompile>
    <ClCompile Include="..\..\%40Libraries\NSWFL\NSWFL_String.Cpp">
      <Filter>Classes and Modules\NSWFL</Filter>
    </ClCompile>
    <ClCompile Include="..\..\%40Libraries\NSWFL\NSWFL_System.Cpp">
      <Filter>Classes and Modules\NSWFL</Filter>
    </ClCompile>
    <ClCompile Include="..\..\%40Libraries\NSWFL\NSWFL_Types.Cpp">
      <Filter>Classes and Modules\NSWFL</Filter>
    </ClCompile>
    <ClCompile Include="..\..\%40Libraries\NSWFL\NSWFL_Windows.Cpp">
      <Filter>Classes and Modules\NSWFL</Filter>
    </ClCompile>
    <ClCompile Include="..\..\%40Libraries\CStringBuilder\CStringBuilder.Cpp">
      <Filter>Classes and Modules\CStringBuilder</Filter>
    </ClCompile>
    <ClCompile Include="..\..\%40Libraries\EventLog\EventLog.Cpp">
      <Filter>Classes and Modules\EventLog</Filter>
    </ClCompile>
    <ClCompile Include="..\..\%40Libraries\Compression\zLib\adler32.c">
      <Filter>Classes and Modules\Compression\zLib</Filter>
    </ClCompile>
    <ClCompile Include="..\..\%40Libraries\Compression\zLib\compress.c">
      <Filter>Classes and Modules\Compression\zLib</Filter>
    </ClCompile>
    <ClCompile Include="..\..\%40Libraries\Compression\zLib\deflate.c">
      <Filter>Classes and Modules\Compression\zLib</Filter>
    </ClCompile>
    <ClCompile Include="..\..\%40Libraries\Compression\zLib\gzio.c">
      <Filter>Classes and Modules\Compression\zLib</Filter>
    </ClCompile>
    <ClCompile Include="..\..\%40Libraries\Compression\zLib\infback.c">
      <Filter>Classes and Modules\Compression\zLib</Filter>
    </ClCompile>
    <ClCompile Include="..\..\%40Libraries\Compression\zLib\inffast.c">
      <Filter>Classes and Modules\Compression\zLib</Filter>
    </ClCompile>
    <ClCompile Include="..\..\%40Libraries\Compression\zLib\inflate.c">
      <Filter>Classes and Modules\Compression\zLib</Filter>
    </ClCompile>
    <ClCompile Include="..\..\%40Libraries\Compression\zLib\inftrees.c">
      <Filter>Classes and Modules\Compression\zLib</Filter>
    </ClCompile>
    <ClCompile Include="..\..\%40Libraries\Compression\zLib\trees.c">
      <Filter>Classes and Modules\Compression\zLib</Filter>
    </ClCompile>
    <ClCompile Include="..\..\%40Libraries\Compression\zLib\uncompr.c">
      <Filter>Classes and Modules\Compression\zLib</Filter>
    </ClCompile>
    <ClCompile Include="..\..\%40Libraries\Compression\zLib\zLibcrc32.c">
      <Filter>Classes and Modules\Compression\zLib</Filter>
    </ClCompile>
    <ClCompile Include="..\..\%40Libraries\Compression\zLib\ZLibEncapsulation.Cpp">
      <Filter>Classes and Modules\Compression\zLib</Filter>
    </ClCompile>
    <ClCompile Include="..\..\%40Libraries\Compression\zLib\zutil.c">
      <Filter>Classes and Modules\Compression\zLib</Filter>
    </ClCompile>
    <ClCompile Include="..\..\%40Libraries\Compression\RLE\RLECompression.Cpp">
      <Filter>Classes and Modules\Compression\RLE</Filter>
    </ClCompile>
    <ClCompile Include="..\..\%40Libraries\Compression\RLE\RLEEncapsulation.Cpp">
      <Filter>Classes and Modules\Compression\RLE</Filter>
    </ClCompile>
    <ClCompile Include="..\..\%40Libraries\Compression\LZSS\LZSSCompress.cpp">
      <Filter>Classes and Modules\Compression\LZSS</Filter>
    </ClCompile>
    <ClCompile Include="..\..\%40Libraries\Compression\LZSS\LZSSEncapsulation.Cpp">
      <Filter>Classes and Modules\Compression\LZSS</Filter>
    </ClCompile>
    <ClCompile Include="..\..\%40Libraries\Compression\LZSS\LZSSUncompress.cpp">
      <Filter>Classes and Modules\Compression\LZSS</Filter>
    </ClCompile>
    <ClCompile Include="..\..\%40Libraries\Compression\LZARI\LZARIClass.Cpp">
      <Filter>Classes and Modules\Compression\LZARI</Filter>
    </ClCompile>
    <ClCompile Include="..\..\%40Libraries\Compression\LZARI\LZARIDeflateClass.Cpp">
      <Filter>Classes and Modules\Compression\LZARI</Filter>
    </ClCompile>
    <ClCompile Include="..\..\%40Libraries\Compression\LZARI\LZARIEncapsulation.Cpp">
      <Filter>Classes and Modules\Compression\LZARI</Filter>
    </ClCompile>
    <ClCompile Include="..\..\%40Libraries\Compression\LZARI\LZARIInflateClass.Cpp">
      <Filter>Classes and Modules\Compression\LZARI</Filter>
    </ClCompile>
    <ClCompile Include="..\..\%40Libraries\CSHA1\CSHA1.cpp">
      <Filter>Classes and Modules\CSHA1</Filter>
    </ClCompile>
    <ClCompile Include="..\..\%40Libraries\CXML\CXMLCompression.Cpp">
      <Filter>Classes and Modules\CXML</Filter>
    </ClCompile>
    <ClCompile Include="..\..\%40Libraries\CXML\CXMLReader.Cpp">
      <Filter>Classes and Modules\CXML</Filter>
    </ClCompile>
    <ClCompile Include="..\..\%40Libraries\CXML\CXMLWriter.Cpp">
      <Filter>Classes and Modules\CXML</Filter>
    </ClCompile>
    <ClCompile Include="..\..\%40Libraries\CIntegerStack\CIntegerStack.Cpp">
      <Filter>Classes and Modules\CIntegerStack</Filter>
    </ClCompile>
    <ClCompile Include="..\..\%40Libraries\CQueu\CQueu.Cpp">
      <Filter>Classes and Modules\CQueu</Filter>
    </ClCompile>
    <ClCompile Include="..\..\%40Libraries\CService\CService.Cpp">
      <Filter>Classes and Modules\CService</Filter>
    </ClCompile>
    <ClCompile Include="..\SharedClasses\CGetPKs\CGetPKs.Cpp">
      <Filter>Classes and Modules\CGetPKs</Filter>
    </ClCompile>
    <ClCompile Include="..\..\%40Libraries\CCRC32\CCRC32.Cpp">
      <Filter>Classes and Modules\CCRC32</Filter>
    </ClCompile>
  </ItemGroup>
  <ItemGroup>
    <ClInclude Include="Source\ClientThread.H">
      <Filter>SourceFiles</Filter>
    </ClInclude>
    <ClInclude Include="Source\Command.H">
      <Filter>SourceFiles</Filter>
    </ClInclude>
    <ClInclude Include="Source\Console.H">
      <Filter>SourceFiles</Filter>
    </ClInclude>
    <ClInclude Include="Source\ConsoleProcs.H">
      <Filter>SourceFiles</Filter>
    </ClInclude>
    <ClInclude Include="Source\Entry.H">
      <Filter>SourceFiles</Filter>
    </ClInclude>
    <ClInclude Include="Source\HandShake.H">
      <Filter>SourceFiles</Filter>
    </ClInclude>
    <ClInclude Include="Source\Init.H">
      <Filter>SourceFiles</Filter>
    </ClInclude>
    <ClInclude Include="Source\NewDB.H">
      <Filter>SourceFiles</Filter>
    </ClInclude>
    <ClInclude Include="Resources\resource.h">
      <Filter>SourceFiles</Filter>
    </ClInclude>
    <ClInclude Include="Source\Routines.H">
      <Filter>SourceFiles</Filter>
    </ClInclude>
    <ClInclude Include="Source\SQLImport.H">
      <Filter>SourceFiles</Filter>
    </ClInclude>
    <ClInclude Include="..\SharedSource\Common.H">
      <Filter>SourceFiles\Shared</Filter>
    </ClInclude>
    <ClInclude Include="..\SharedSource\CustomProcs.H">
      <Filter>SourceFiles\Shared</Filter>
    </ClInclude>
    <ClInclude Include="..\SharedSource\FileExchange.H">
      <Filter>SourceFiles\Shared</Filter>
    </ClInclude>
    <ClInclude Include="..\SharedSource\HashKey.H">
      <Filter>SourceFiles\Shared</Filter>
    </ClInclude>
    <ClInclude Include="..\SharedSource\NTFibers.H">
      <Filter>SourceFiles\Shared</Filter>
    </ClInclude>
    <ClInclude Include="Dialogs\AlertDlg.H">
      <Filter>Dialogs</Filter>
    </ClInclude>
    <ClInclude Include="Dialogs\CreateNewDB.H">
      <Filter>Dialogs</Filter>
    </ClInclude>
    <ClInclude Include="Dialogs\MainDlg.H">
      <Filter>Dialogs</Filter>
    </ClInclude>
    <ClInclude Include="Dialogs\SysStats.H">
      <Filter>Dialogs</Filter>
    </ClInclude>
    <ClInclude Include="Dialogs\TabAdvanced.H">
      <Filter>Dialogs\Setup Tabs</Filter>
    </ClInclude>
    <ClInclude Include="Dialogs\TabClientDBS.H">
      <Filter>Dialogs\Setup Tabs</Filter>
    </ClInclude>
    <ClInclude Include="Dialogs\TabGeneral.H">
      <Filter>Dialogs\Setup Tabs</Filter>
    </ClInclude>
    <ClInclude Include="Dialogs\TabProcessors.H">
      <Filter>Dialogs\Setup Tabs</Filter>
    </ClInclude>
    <ClInclude Include="Dialogs\TabSecurity.H">
      <Filter>Dialogs\Setup Tabs</Filter>
    </ClInclude>
    <ClInclude Include="Dialogs\TabServer.H">
      <Filter>Dialogs\Setup Tabs</Filter>
    </ClInclude>
    <ClInclude Include="Dialogs\TabWPIndex.H">
      <Filter>Dialogs\Setup Tabs</Filter>
    </ClInclude>
    <ClInclude Include="..\SharedSource\AskPwd.H">
      <Filter>Dialogs\Shared</Filter>
    </ClInclude>
    <ClInclude Include="..\SharedSource\NetLogoDlg.H">
      <Filter>Dialogs\Shared</Filter>
    </ClInclude>
    <ClInclude Include="..\SharedSource\SetNewGUIPwd.H">
      <Filter>Dialogs\Shared</Filter>
    </ClInclude>
    <ClInclude Include="..\SharedSource\SplashDlg.H">
      <Filter>Dialogs\Shared</Filter>
    </ClInclude>
    <ClInclude Include="..\..\%40Libraries\CSocketServer\CSocketServer.H">
      <Filter>Classes and Modules\CSocketServer</Filter>
    </ClInclude>
    <ClInclude Include="..\..\%40Libraries\CSQLBinding\cBoundRecordSet.h">
      <Filter>Classes and Modules\CSQLBinding</Filter>
    </ClInclude>
    <ClInclude Include="..\..\%40Libraries\CSQLBinding\CRecordSet.h">
      <Filter>Classes and Modules\CSQLBinding</Filter>
    </ClInclude>
    <ClInclude Include="..\..\%40Libraries\CSQLBinding\CSQL.h">
      <Filter>Classes and Modules\CSQLBinding</Filter>
    </ClInclude>
    <ClInclude Include="..\..\%40Libraries\CSQLBinding\CSQLEncapsulation.H">
      <Filter>Classes and Modules\CSQLBinding</Filter>
    </ClInclude>
    <ClInclude Include="..\..\%40Libraries\CSQLBinding\CSQLValue.h">
      <Filter>Classes and Modules\CSQLBinding</Filter>
    </ClInclude>
    <ClInclude Include="..\SharedClasses\CStatusDlg\CStatusDlg.H">
      <Filter>Classes and Modules\CStatusDlg</Filter>
    </ClInclude>
    <ClInclude Include="..\..\%40Libraries\CCmdLine\CCmdLine.H">
      <Filter>Classes and Modules\CCmdLine</Filter>
    </ClInclude>
    <ClInclude Include="..\..\%40Libraries\CMemPool\CMemPool.H">
      <Filter>Classes and Modules\CMemPool</Filter>
    </ClInclude>
    <ClInclude Include="..\..\%40Libraries\CNASCCL (Stream)\CNASCCL.H">
      <Filter>Classes and Modules\NASCCL</Filter>
    </ClInclude>
    <ClInclude Include="..\..\%40Libraries\CGraph\CGraph.H">
      <Filter>Classes and Modules\CGraph</Filter>
    </ClInclude>
    <ClInclude Include="..\..\%40Libraries\NSWFL\NSWFL.h">
      <Filter>Classes and Modules\NSWFL</Filter>
    </ClInclude>
    <ClInclude Include="..\..\%40Libraries\NSWFL\NSWFL_Conversion.H">
      <Filter>Classes and Modules\NSWFL</Filter>
    </ClInclude>
    <ClInclude Include="..\..\%40Libraries\NSWFL\NSWFL_DateTime.H">
      <Filter>Classes and Modules\NSWFL</Filter>
    </ClInclude>
    <ClInclude Include="..\..\%40Libraries\NSWFL\NSWFL_File.H">
      <Filter>Classes and Modules\NSWFL</Filter>
    </ClInclude>
    <ClInclude Include="..\..\%40Libraries\NSWFL\NSWFL_KeyGeneration.H">
      <Filter>Classes and Modules\NSWFL</Filter>
    </ClInclude>
    <ClInclude Include="..\..\%40Libraries\NSWFL\NSWFL_ListBox.H">
      <Filter>Classes and Modules\NSWFL</Filter>
    </ClInclude>
    <ClInclude Include="..\..\%40Libraries\NSWFL\NSWFL_ListView.H">
      <Filter>Classes and Modules\NSWFL</Filter>
    </ClInclude>
    <ClInclude Include="..\..\%40Libraries\NSWFL\NSWFL_Math.H">
      <Filter>Classes and Modules\NSWFL</Filter>
    </ClInclude>
    <ClInclude Include="..\..\%40Libraries\NSWFL\NSWFL_Memory.H">
      <Filter>Classes and Modules\NSWFL</Filter>
    </ClInclude>
    <ClInclude Include="..\..\%40Libraries\NSWFL\NSWFL_Menu.H">
      <Filter>Classes and Modules\NSWFL</Filter>
    </ClInclude>
    <ClInclude Include="..\..\%40Libraries\NSWFL\NSWFL_Registry.H">
      <Filter>Classes and Modules\NSWFL</Filter>
    </ClInclude>
    <ClInclude Include="..\..\%40Libraries\NSWFL\NSWFL_String.H">
      <Filter>Classes and Modules\NSWFL</Filter>
    </ClInclude>
    <ClInclude Include="..\..\%40Libraries\NSWFL\NSWFL_System.H">
      <Filter>Classes and Modules\NSWFL</Filter>
    </ClInclude>
    <ClInclude Include="..\..\%40Libraries\NSWFL\NSWFL_Types.H">
      <Filter>Classes and Modules\NSWFL</Filter>
    </ClInclude>
    <ClInclude Include="..\..\%40Libraries\NSWFL\NSWFL_Windows.H">
      <Filter>Classes and Modules\NSWFL</Filter>
    </ClInclude>
    <ClInclude Include="..\..\%40Libraries\CStringBuilder\CStringBuilder.H">
      <Filter>Classes and Modules\CStringBuilder</Filter>
    </ClInclude>
    <ClInclude Include="..\..\%40Libraries\EventLog\EventLog.h">
      <Filter>Classes and Modules\EventLog</Filter>
    </ClInclude>
    <ClInclude Include="..\..\%40Libraries\EventLog\EventMsg\EventMsg.h">
      <Filter>Classes and Modules\EventLog\EventMsg</Filter>
    </ClInclude>
    <ClInclude Include="..\..\%40Libraries\Compression\zLib\deflate.h">
      <Filter>Classes and Modules\Compression\zLib</Filter>
    </ClInclude>
    <ClInclude Include="..\..\%40Libraries\Compression\zLib\inffast.h">
      <Filter>Classes and Modules\Compression\zLib</Filter>
    </ClInclude>
    <ClInclude Include="..\..\%40Libraries\Compression\zLib\inffixed.h">
      <Filter>Classes and Modules\Compression\zLib</Filter>
    </ClInclude>
    <ClInclude Include="..\..\%40Libraries\Compression\zLib\inflate.h">
      <Filter>Classes and Modules\Compression\zLib</Filter>
    </ClInclude>
    <ClInclude Include="..\..\%40Libraries\Compression\zLib\inftrees.h">
      <Filter>Classes and Modules\Compression\zLib</Filter>
    </ClInclude>
    <ClInclude Include="..\..\%40Libraries\Compression\zLib\trees.h">
      <Filter>Classes and Modules\Compression\zLib</Filter>
    </ClInclude>
    <ClInclude Include="..\..\%40Libraries\Compression\zLib\zConf.h">
      <Filter>Classes and Modules\Compression\zLib</Filter>
    </ClInclude>
    <ClInclude Include="..\..\%40Libraries\Compression\zLib\zLib.h">
      <Filter>Classes and Modules\Compression\zLib</Filter>
    </ClInclude>
    <ClInclude Include="..\..\%40Libraries\Compression\zLib\zLibcrc32.h">
      <Filter>Classes and Modules\Compression\zLib</Filter>
    </ClInclude>
    <ClInclude Include="..\..\%40Libraries\Compression\zLib\ZLibEncapsulation.H">
      <Filter>Classes and Modules\Compression\zLib</Filter>
    </ClInclude>
    <ClInclude Include="..\..\%40Libraries\Compression\zLib\zutil.h">
      <Filter>Classes and Modules\Compression\zLib</Filter>
    </ClInclude>
    <ClInclude Include="..\..\%40Libraries\Compression\RLE\RLECompression.H">
      <Filter>Classes and Modules\Compression\RLE</Filter>
    </ClInclude>
    <ClInclude Include="..\..\%40Libraries\Compression\RLE\RLEEncapsulation.H">
      <Filter>Classes and Modules\Compression\RLE</Filter>
    </ClInclude>
    <ClInclude Include="..\..\%40Libraries\Compression\LZSS\LZSSCompress.h">
      <Filter>Classes and Modules\Compression\LZSS</Filter>
    </ClInclude>
    <ClInclude Include="..\..\%40Libraries\Compression\LZSS\LZSSEncapsulation.H">
      <Filter>Classes and Modules\Compression\LZSS</Filter>
    </ClInclude>
    <ClInclude Include="..\..\%40Libraries\Compression\LZSS\LZSSUncompress.h">
      <Filter>Classes and Modules\Compression\LZSS</Filter>
    </ClInclude>
    <ClInclude Include="..\..\%40Libraries\Compression\LZARI\LZARIClass.H">
      <Filter>Classes and Modules\Compression\LZARI</Filter>
    </ClInclude>
    <ClInclude Include="..\..\%40Libraries\Compression\LZARI\LZARIEncapsulation.H">
      <Filter>Classes and Modules\Compression\LZARI</Filter>
    </ClInclude>
    <ClInclude Include="..\..\%40Libraries\CSHA1\CSHA1.h">
      <Filter>Classes and Modules\CSHA1</Filter>
    </ClInclude>
    <ClInclude Include="..\..\%40Libraries\CXML\CXML.H">
      <Filter>Classes and Modules\CXML</Filter>
    </ClInclude>
    <ClInclude Include="..\..\%40Libraries\CXML\CXMLCompression.H">
      <Filter>Classes and Modules\CXML</Filter>
    </ClInclude>
    <ClInclude Include="..\..\%40Libraries\CXML\CXMLReader.H">
      <Filter>Classes and Modules\CXML</Filter>
    </ClInclude>
    <ClInclude Include="..\..\%40Libraries\CXML\CXMLWriter.H">
      <Filter>Classes and Modules\CXML</Filter>
    </ClInclude>
    <ClInclude Include="..\..\%40Libraries\CIntegerStack\CIntegerStack.H">
      <Filter>Classes and Modules\CIntegerStack</Filter>
    </ClInclude>
    <ClInclude Include="..\..\%40Libraries\CQueu\CQueu.H">
      <Filter>Classes and Modules\CQueu</Filter>
    </ClInclude>
    <ClInclude Include="..\..\%40Libraries\CService\CService.H">
      <Filter>Classes and Modules\CService</Filter>
    </ClInclude>
    <ClInclude Include="..\SharedClasses\CGetPKs\CGetPKs.H">
      <Filter>Classes and Modules\CGetPKs</Filter>
    </ClInclude>
    <ClInclude Include="..\..\%40Libraries\CCRC32\CCRC32.H">
      <Filter>Classes and Modules\CCRC32</Filter>
    </ClInclude>
  </ItemGroup>
  <ItemGroup>
    <None Include="..\..\%40Libraries\CSocketServer\Event Handlers.txt">
      <Filter>Classes and Modules\CSocketServer</Filter>
    </None>
    <None Include="..\..\%40Libraries\CService\ReadMe.txt">
      <Filter>Classes and Modules\CService</Filter>
    </None>
    <None Include="Resources\Account.ico">
      <Filter>Resources</Filter>
    </None>
    <None Include="Resources\Advanced.ico">
      <Filter>Resources</Filter>
    </None>
    <None Include="Resources\AlertDlgSkin.bmp">
      <Filter>Resources</Filter>
    </None>
    <None Include="Resources\CPUSelect.ico">
      <Filter>Resources</Filter>
    </None>
    <None Include="Resources\Crypto.ico">
      <Filter>Resources</Filter>
    </None>
    <None Include="Resources\General.ico">
      <Filter>Resources</Filter>
    </None>
    <None Include="Resources\handcurs.cur">
      <Filter>Resources</Filter>
    </None>
    <None Include="Resources\IndexSQL.ico">
      <Filter>Resources</Filter>
    </None>
    <None Include="Resources\MainIcon.ico">
      <Filter>Resources</Filter>
    </None>
    <None Include="Resources\Password.ico">
      <Filter>Resources</Filter>
    </None>
    <None Include="Resources\Schedule.ico">
      <Filter>Resources</Filter>
    </None>
    <None Include="Resources\Security.ico">
      <Filter>Resources</Filter>
    </None>
    <None Include="Resources\Server.ico">
      <Filter>Resources</Filter>
    </None>
    <None Include="Resources\SmCPU.ico">
      <Filter>Resources</Filter>
    </None>
    <None Include="Resources\Splash.bmp">
      <Filter>Resources</Filter>
    </None>
    <None Include="Resources\SQL.ico">
      <Filter>Resources</Filter>
    </None>
    <None Include="Resources\Start.ico">
      <Filter>Resources</Filter>
    </None>
    <None Include="Resources\Stop.ico">
      <Filter>Resources</Filter>
    </None>
  </ItemGroup>
  <ItemGroup>
    <ResourceCompile Include="Resources\SQLEServer.rc">
      <Filter>Resources</Filter>
    </ResourceCompile>
  </ItemGroup>
</Project>